
Microsoft Visual Studio Solution File, Format Version 12.00
# Visual Studio Version 17
VisualStudioVersion = 17.9.34728.123
MinimumVisualStudioVersion = 10.0.40219.1
Project("{FAE04EC0-301F-11D3-BF4B-00C04F79EFBC}") = "BaseDados", "BaseDados\BaseDados.csproj", "{530E9ABB-AB5F-4467-9146-478AA0C17463}"
EndProject
Global
	GlobalSection(SolutionConfigurationPlatforms) = preSolution
		Debug|Any CPU = Debug|Any CPU
		Release|Any CPU = Release|Any CPU
	EndGlobalSection
	GlobalSection(ProjectConfigurationPlatforms) = postSolution
		{530E9ABB-AB5F-4467-9146-478AA0C17463}.Debug|Any CPU.ActiveCfg = Debug|Any CPU
		{530E9ABB-AB5F-4467-9146-478AA0C17463}.Debug|Any CPU.Build.0 = Debug|Any CPU
		{530E9ABB-AB5F-4467-9146-478AA0C17463}.Release|Any CPU.ActiveCfg = Release|Any CPU
		{530E9ABB-AB5F-4467-9146-478AA0C17463}.Release|Any CPU.Build.0 = Release|Any CPU
	EndGlobalSection
	GlobalSection(SolutionProperties) = preSolution
		HideSolutionNode = FALSE
	EndGlobalSection
	GlobalSection(ExtensibilityGlobals) = postSolution
		SolutionGuid = {43CFEDF9-4045-4416-A204-DA8789B3FDDB}
	EndGlobalSection
EndGlobal
